
Microsoft Visual Studio Solution File, Format Version 12.00
# Visual Studio Version 17
VisualStudioVersion = 17.7.34003.232
MinimumVisualStudioVersion = 10.0.40219.1
Project("{FAE04EC0-301F-11D3-BF4B-00C04F79EFBC}") = "TA28_9_sgallego", "TA28_9_sgallego\TA28_9_sgallego.csproj", "{520F14CA-0EE7-4E48-9A64-18D5675C2C81}"
EndProject
Global
	GlobalSection(SolutionConfigurationPlatforms) = preSolution
		Debug|Any CPU = Debug|Any CPU
		Release|Any CPU = Release|Any CPU
	EndGlobalSection
	GlobalSection(ProjectConfigurationPlatforms) = postSolution
		{520F14CA-0EE7-4E48-9A64-18D5675C2C81}.Debug|Any CPU.ActiveCfg = Debug|Any CPU
		{520F14CA-0EE7-4E48-9A64-18D5675C2C81}.Debug|Any CPU.Build.0 = Debug|Any CPU
		{520F14CA-0EE7-4E48-9A64-18D5675C2C81}.Release|Any CPU.ActiveCfg = Release|Any CPU
		{520F14CA-0EE7-4E48-9A64-18D5675C2C81}.Release|Any CPU.Build.0 = Release|Any CPU
	EndGlobalSection
	GlobalSection(SolutionProperties) = preSolution
		HideSolutionNode = FALSE
	EndGlobalSection
	GlobalSection(ExtensibilityGlobals) = postSolution
		SolutionGuid = {E9FE1B73-210E-4F67-A676-EB80DDEEC3BE}
	EndGlobalSection
EndGlobal
