
Microsoft Visual Studio Solution File, Format Version 12.00
# Visual Studio Version 17
VisualStudioVersion = 17.7.34003.232
MinimumVisualStudioVersion = 10.0.40219.1
Project("{FAE04EC0-301F-11D3-BF4B-00C04F79EFBC}") = "TA28_2_sgallego", "TA28_2_sgallego\TA28_2_sgallego.csproj", "{D9D0FAAC-2DB0-45D7-BE45-843E9A274762}"
EndProject
Global
	GlobalSection(SolutionConfigurationPlatforms) = preSolution
		Debug|Any CPU = Debug|Any CPU
		Release|Any CPU = Release|Any CPU
	EndGlobalSection
	GlobalSection(ProjectConfigurationPlatforms) = postSolution
		{D9D0FAAC-2DB0-45D7-BE45-843E9A274762}.Debug|Any CPU.ActiveCfg = Debug|Any CPU
		{D9D0FAAC-2DB0-45D7-BE45-843E9A274762}.Debug|Any CPU.Build.0 = Debug|Any CPU
		{D9D0FAAC-2DB0-45D7-BE45-843E9A274762}.Release|Any CPU.ActiveCfg = Release|Any CPU
		{D9D0FAAC-2DB0-45D7-BE45-843E9A274762}.Release|Any CPU.Build.0 = Release|Any CPU
	EndGlobalSection
	GlobalSection(SolutionProperties) = preSolution
		HideSolutionNode = FALSE
	EndGlobalSection
	GlobalSection(ExtensibilityGlobals) = postSolution
		SolutionGuid = {E519E851-0B74-4A51-B41A-BFE915A20CF8}
	EndGlobalSection
EndGlobal
